// !$*UTF8*$!
{
	archiveVersion = 1;
	classes = {
	};
	objectVersion = 51;
	objects = {

/* Begin PBXBuildFile section */
		2BBD82CF85E28858447E152B /* Pods_MyShopTests.framework in Frameworks */ = {isa = PBXBuildFile; fileRef = D9AD9B4053EE3C6C2CE135F4 /* Pods_MyShopTests.framework */; };
		33051ED624DE7FA400775BEB /* Auth.storyboard in Resources */ = {isa = PBXBuildFile; fileRef = 33051ED524DE7FA400775BEB /* Auth.storyboard */; };
		33051EDB24DE852400775BEB /* LoginViewController.swift in Sources */ = {isa = PBXBuildFile; fileRef = 33051EDA24DE852400775BEB /* LoginViewController.swift */; };
		33051EDF24DE86D600775BEB /* SinginViewController.swift in Sources */ = {isa = PBXBuildFile; fileRef = 33051EDE24DE86D600775BEB /* SinginViewController.swift */; };
		33051EE424DE883A00775BEB /* UserInfoViewController.swift in Sources */ = {isa = PBXBuildFile; fileRef = 33051EE324DE883A00775BEB /* UserInfoViewController.swift */; };
		3324E90224DB0DFC007F6D95 /* BasketDataRequestFactory.swift in Sources */ = {isa = PBXBuildFile; fileRef = 3324E90124DB0DFC007F6D95 /* BasketDataRequestFactory.swift */; };
		3324E90424DB0E1E007F6D95 /* Basket.swift in Sources */ = {isa = PBXBuildFile; fileRef = 3324E90324DB0E1E007F6D95 /* Basket.swift */; };
		3324E90624DB0E8C007F6D95 /* BasketDataResult.swift in Sources */ = {isa = PBXBuildFile; fileRef = 3324E90524DB0E8C007F6D95 /* BasketDataResult.swift */; };
		33A1A46324C224550083B650 /* AppDelegate.swift in Sources */ = {isa = PBXBuildFile; fileRef = 33A1A46224C224550083B650 /* AppDelegate.swift */; };
		33A1A46524C224550083B650 /* SceneDelegate.swift in Sources */ = {isa = PBXBuildFile; fileRef = 33A1A46424C224550083B650 /* SceneDelegate.swift */; };
		33A1A46C24C224590083B650 /* Assets.xcassets in Resources */ = {isa = PBXBuildFile; fileRef = 33A1A46B24C224590083B650 /* Assets.xcassets */; };
		33A1A46F24C224590083B650 /* LaunchScreen.storyboard in Resources */ = {isa = PBXBuildFile; fileRef = 33A1A46D24C224590083B650 /* LaunchScreen.storyboard */; };
		33A1A47A24C224590083B650 /* MyShopTests.swift in Sources */ = {isa = PBXBuildFile; fileRef = 33A1A47924C224590083B650 /* MyShopTests.swift */; };
		33A1A48524C224590083B650 /* MyShopUITests.swift in Sources */ = {isa = PBXBuildFile; fileRef = 33A1A48424C224590083B650 /* MyShopUITests.swift */; };
		33C49CA024C7597F00B9C191 /* LoginResult.swift in Sources */ = {isa = PBXBuildFile; fileRef = 33C49C9F24C7597F00B9C191 /* LoginResult.swift */; };
		33C49CA224C7599A00B9C191 /* User.swift in Sources */ = {isa = PBXBuildFile; fileRef = 33C49CA124C7599A00B9C191 /* User.swift */; };
		33C49CA524C759F900B9C191 /* AuthRequestFactory.swift in Sources */ = {isa = PBXBuildFile; fileRef = 33C49CA424C759F900B9C191 /* AuthRequestFactory.swift */; };
		33C49CA724C75D7700B9C191 /* Auth.swift in Sources */ = {isa = PBXBuildFile; fileRef = 33C49CA624C75D7700B9C191 /* Auth.swift */; };
		33C49CA924C75DD200B9C191 /* RequestFactory.swift in Sources */ = {isa = PBXBuildFile; fileRef = 33C49CA824C75DD200B9C191 /* RequestFactory.swift */; };
		33C49CAB24C75EB500B9C191 /* AbstractErrorParser.swift in Sources */ = {isa = PBXBuildFile; fileRef = 33C49CAA24C75EB500B9C191 /* AbstractErrorParser.swift */; };
		33C49CAD24C75F0500B9C191 /* ErrorParser.swift in Sources */ = {isa = PBXBuildFile; fileRef = 33C49CAC24C75F0500B9C191 /* ErrorParser.swift */; };
		33C49CAF24C75F4D00B9C191 /* DataRequest.swift in Sources */ = {isa = PBXBuildFile; fileRef = 33C49CAE24C75F4D00B9C191 /* DataRequest.swift */; };
		33C49CB124C760C100B9C191 /* RequestRouter.swift in Sources */ = {isa = PBXBuildFile; fileRef = 33C49CB024C760C100B9C191 /* RequestRouter.swift */; };
		33C49CB424C76C2700B9C191 /* RegisterUserRequestFactory.swift in Sources */ = {isa = PBXBuildFile; fileRef = 33C49CB324C76C2700B9C191 /* RegisterUserRequestFactory.swift */; };
		33C49CB624C76CD600B9C191 /* RegisterUser.swift in Sources */ = {isa = PBXBuildFile; fileRef = 33C49CB524C76CD600B9C191 /* RegisterUser.swift */; };
		33C49CB824C76DF300B9C191 /* RegisterUserResult.swift in Sources */ = {isa = PBXBuildFile; fileRef = 33C49CB724C76DF300B9C191 /* RegisterUserResult.swift */; };
		33C49CBA24C7701F00B9C191 /* LogoutRequestFactory.swift in Sources */ = {isa = PBXBuildFile; fileRef = 33C49CB924C7701F00B9C191 /* LogoutRequestFactory.swift */; };
		33C49CBC24C7702F00B9C191 /* Logout.swift in Sources */ = {isa = PBXBuildFile; fileRef = 33C49CBB24C7702E00B9C191 /* Logout.swift */; };
		33C49CBE24C771F200B9C191 /* LogoutResult.swift in Sources */ = {isa = PBXBuildFile; fileRef = 33C49CBD24C771F200B9C191 /* LogoutResult.swift */; };
		33C49CC024C7738800B9C191 /* ChangeUserDataRequestFactory.swift in Sources */ = {isa = PBXBuildFile; fileRef = 33C49CBF24C7738800B9C191 /* ChangeUserDataRequestFactory.swift */; };
		33C49CC224C7739F00B9C191 /* ChangeUserData.swift in Sources */ = {isa = PBXBuildFile; fileRef = 33C49CC124C7739F00B9C191 /* ChangeUserData.swift */; };
		33C49CC424C773B100B9C191 /* ChangeUserDataResult.swift in Sources */ = {isa = PBXBuildFile; fileRef = 33C49CC324C773B100B9C191 /* ChangeUserDataResult.swift */; };
		33E6D6AB24CC2B8300120618 /* ResponseCodableTests.swift in Sources */ = {isa = PBXBuildFile; fileRef = 33E6D6AA24CC2B8300120618 /* ResponseCodableTests.swift */; };
		33E6D6AD24CC3B2500120618 /* GoodDataRequestFactory.swift in Sources */ = {isa = PBXBuildFile; fileRef = 33E6D6AC24CC3B2500120618 /* GoodDataRequestFactory.swift */; };
		33E6D6AF24CC3B9100120618 /* GetGoodByIdResult.swift in Sources */ = {isa = PBXBuildFile; fileRef = 33E6D6AE24CC3B9100120618 /* GetGoodByIdResult.swift */; };
		33E6D6B124CC3D4300120618 /* GetGoodById.swift in Sources */ = {isa = PBXBuildFile; fileRef = 33E6D6B024CC3D4300120618 /* GetGoodById.swift */; };
		33E6D6B324CC403900120618 /* Good.swift in Sources */ = {isa = PBXBuildFile; fileRef = 33E6D6B224CC403900120618 /* Good.swift */; };
		33E6D6B524CC421500120618 /* CatalogDataRequestFactory.swift in Sources */ = {isa = PBXBuildFile; fileRef = 33E6D6B424CC421500120618 /* CatalogDataRequestFactory.swift */; };
		33E6D6B724CC424D00120618 /* CatalogData.swift in Sources */ = {isa = PBXBuildFile; fileRef = 33E6D6B624CC424D00120618 /* CatalogData.swift */; };
		33E6D6B924CC432E00120618 /* CatalogDataResult.swift in Sources */ = {isa = PBXBuildFile; fileRef = 33E6D6B824CC432E00120618 /* CatalogDataResult.swift */; };
		33F7928624D57B0E00295D83 /* ReviewDataRequestFactory.swift in Sources */ = {isa = PBXBuildFile; fileRef = 33F7928524D57B0E00295D83 /* ReviewDataRequestFactory.swift */; };
		33F7928824D57BA100295D83 /* ReviewDataResult.swift in Sources */ = {isa = PBXBuildFile; fileRef = 33F7928724D57BA100295D83 /* ReviewDataResult.swift */; };
		33F7928A24D57DC000295D83 /* Review.swift in Sources */ = {isa = PBXBuildFile; fileRef = 33F7928924D57DC000295D83 /* Review.swift */; };
		59B50081A8BEEFB4AE142A28 /* Pods_MyShop.framework in Frameworks */ = {isa = PBXBuildFile; fileRef = 39B965C77C244637D03018EC /* Pods_MyShop.framework */; };
		8887AE5602062B5940038C9B /* Pods_MyShop_MyShopUITests.framework in Frameworks */ = {isa = PBXBuildFile; fileRef = E26A55DBC596E7C90D691DA1 /* Pods_MyShop_MyShopUITests.framework */; };
/* End PBXBuildFile section */

/* Begin PBXContainerItemProxy section */
		33A1A47624C224590083B650 /* PBXContainerItemProxy */ = {
			isa = PBXContainerItemProxy;
			containerPortal = 33A1A45724C224550083B650 /* Project object */;
			proxyType = 1;
			remoteGlobalIDString = 33A1A45E24C224550083B650;
			remoteInfo = MyShop;
		};
		33A1A48124C224590083B650 /* PBXContainerItemProxy */ = {
			isa = PBXContainerItemProxy;
			containerPortal = 33A1A45724C224550083B650 /* Project object */;
			proxyType = 1;
			remoteGlobalIDString = 33A1A45E24C224550083B650;
			remoteInfo = MyShop;
		};
/* End PBXContainerItemProxy section */

/* Begin PBXFileReference section */
		00BBCC70FD973A8A3CDF6BF8 /* Pods-MyShopTests.debug.xcconfig */ = {isa = PBXFileReference; includeInIndex = 1; lastKnownFileType = text.xcconfig; name = "Pods-MyShopTests.debug.xcconfig"; path = "Target Support Files/Pods-MyShopTests/Pods-MyShopTests.debug.xcconfig"; sourceTree = "<group>"; };
		33051ED524DE7FA400775BEB /* Auth.storyboard */ = {isa = PBXFileReference; lastKnownFileType = file.storyboard; path = Auth.storyboard; sourceTree = "<group>"; };
		33051EDA24DE852400775BEB /* LoginViewController.swift */ = {isa = PBXFileReference; lastKnownFileType = sourcecode.swift; path = LoginViewController.swift; sourceTree = "<group>"; };
		33051EDE24DE86D600775BEB /* SinginViewController.swift */ = {isa = PBXFileReference; lastKnownFileType = sourcecode.swift; path = SinginViewController.swift; sourceTree = "<group>"; };
		33051EE324DE883A00775BEB /* UserInfoViewController.swift */ = {isa = PBXFileReference; lastKnownFileType = sourcecode.swift; path = UserInfoViewController.swift; sourceTree = "<group>"; };
		3324E90124DB0DFC007F6D95 /* BasketDataRequestFactory.swift */ = {isa = PBXFileReference; lastKnownFileType = sourcecode.swift; path = BasketDataRequestFactory.swift; sourceTree = "<group>"; };
		3324E90324DB0E1E007F6D95 /* Basket.swift */ = {isa = PBXFileReference; lastKnownFileType = sourcecode.swift; path = Basket.swift; sourceTree = "<group>"; };
		3324E90524DB0E8C007F6D95 /* BasketDataResult.swift */ = {isa = PBXFileReference; lastKnownFileType = sourcecode.swift; path = BasketDataResult.swift; sourceTree = "<group>"; };
		33A1A45F24C224550083B650 /* MyShop.app */ = {isa = PBXFileReference; explicitFileType = wrapper.application; includeInIndex = 0; path = MyShop.app; sourceTree = BUILT_PRODUCTS_DIR; };
		33A1A46224C224550083B650 /* AppDelegate.swift */ = {isa = PBXFileReference; lastKnownFileType = sourcecode.swift; path = AppDelegate.swift; sourceTree = "<group>"; };
		33A1A46424C224550083B650 /* SceneDelegate.swift */ = {isa = PBXFileReference; lastKnownFileType = sourcecode.swift; path = SceneDelegate.swift; sourceTree = "<group>"; };
		33A1A46B24C224590083B650 /* Assets.xcassets */ = {isa = PBXFileReference; lastKnownFileType = folder.assetcatalog; path = Assets.xcassets; sourceTree = "<group>"; };
		33A1A46E24C224590083B650 /* Base */ = {isa = PBXFileReference; lastKnownFileType = file.storyboard; name = Base; path = Base.lproj/LaunchScreen.storyboard; sourceTree = "<group>"; };
		33A1A47024C224590083B650 /* Info.plist */ = {isa = PBXFileReference; lastKnownFileType = text.plist.xml; path = Info.plist; sourceTree = "<group>"; };
		33A1A47524C224590083B650 /* MyShopTests.xctest */ = {isa = PBXFileReference; explicitFileType = wrapper.cfbundle; includeInIndex = 0; path = MyShopTests.xctest; sourceTree = BUILT_PRODUCTS_DIR; };
		33A1A47924C224590083B650 /* MyShopTests.swift */ = {isa = PBXFileReference; lastKnownFileType = sourcecode.swift; path = MyShopTests.swift; sourceTree = "<group>"; };
		33A1A47B24C224590083B650 /* Info.plist */ = {isa = PBXFileReference; lastKnownFileType = text.plist.xml; path = Info.plist; sourceTree = "<group>"; };
		33A1A48024C224590083B650 /* MyShopUITests.xctest */ = {isa = PBXFileReference; explicitFileType = wrapper.cfbundle; includeInIndex = 0; path = MyShopUITests.xctest; sourceTree = BUILT_PRODUCTS_DIR; };
		33A1A48424C224590083B650 /* MyShopUITests.swift */ = {isa = PBXFileReference; lastKnownFileType = sourcecode.swift; path = MyShopUITests.swift; sourceTree = "<group>"; };
		33A1A48624C224590083B650 /* Info.plist */ = {isa = PBXFileReference; lastKnownFileType = text.plist.xml; path = Info.plist; sourceTree = "<group>"; };
		33C49C9F24C7597F00B9C191 /* LoginResult.swift */ = {isa = PBXFileReference; lastKnownFileType = sourcecode.swift; path = LoginResult.swift; sourceTree = "<group>"; };
		33C49CA124C7599A00B9C191 /* User.swift */ = {isa = PBXFileReference; lastKnownFileType = sourcecode.swift; path = User.swift; sourceTree = "<group>"; };
		33C49CA424C759F900B9C191 /* AuthRequestFactory.swift */ = {isa = PBXFileReference; lastKnownFileType = sourcecode.swift; path = AuthRequestFactory.swift; sourceTree = "<group>"; };
		33C49CA624C75D7700B9C191 /* Auth.swift */ = {isa = PBXFileReference; lastKnownFileType = sourcecode.swift; path = Auth.swift; sourceTree = "<group>"; };
		33C49CA824C75DD200B9C191 /* RequestFactory.swift */ = {isa = PBXFileReference; lastKnownFileType = sourcecode.swift; path = RequestFactory.swift; sourceTree = "<group>"; };
		33C49CAA24C75EB500B9C191 /* AbstractErrorParser.swift */ = {isa = PBXFileReference; lastKnownFileType = sourcecode.swift; path = AbstractErrorParser.swift; sourceTree = "<group>"; };
		33C49CAC24C75F0500B9C191 /* ErrorParser.swift */ = {isa = PBXFileReference; lastKnownFileType = sourcecode.swift; path = ErrorParser.swift; sourceTree = "<group>"; };
		33C49CAE24C75F4D00B9C191 /* DataRequest.swift */ = {isa = PBXFileReference; lastKnownFileType = sourcecode.swift; path = DataRequest.swift; sourceTree = "<group>"; };
		33C49CB024C760C100B9C191 /* RequestRouter.swift */ = {isa = PBXFileReference; lastKnownFileType = sourcecode.swift; path = RequestRouter.swift; sourceTree = "<group>"; };
		33C49CB324C76C2700B9C191 /* RegisterUserRequestFactory.swift */ = {isa = PBXFileReference; lastKnownFileType = sourcecode.swift; path = RegisterUserRequestFactory.swift; sourceTree = "<group>"; };
		33C49CB524C76CD600B9C191 /* RegisterUser.swift */ = {isa = PBXFileReference; lastKnownFileType = sourcecode.swift; path = RegisterUser.swift; sourceTree = "<group>"; };
		33C49CB724C76DF300B9C191 /* RegisterUserResult.swift */ = {isa = PBXFileReference; lastKnownFileType = sourcecode.swift; path = RegisterUserResult.swift; sourceTree = "<group>"; };
		33C49CB924C7701F00B9C191 /* LogoutRequestFactory.swift */ = {isa = PBXFileReference; lastKnownFileType = sourcecode.swift; path = LogoutRequestFactory.swift; sourceTree = "<group>"; };
		33C49CBB24C7702E00B9C191 /* Logout.swift */ = {isa = PBXFileReference; lastKnownFileType = sourcecode.swift; path = Logout.swift; sourceTree = "<group>"; };
		33C49CBD24C771F200B9C191 /* LogoutResult.swift */ = {isa = PBXFileReference; lastKnownFileType = sourcecode.swift; path = LogoutResult.swift; sourceTree = "<group>"; };
		33C49CBF24C7738800B9C191 /* ChangeUserDataRequestFactory.swift */ = {isa = PBXFileReference; lastKnownFileType = sourcecode.swift; path = ChangeUserDataRequestFactory.swift; sourceTree = "<group>"; };
		33C49CC124C7739F00B9C191 /* ChangeUserData.swift */ = {isa = PBXFileReference; lastKnownFileType = sourcecode.swift; path = ChangeUserData.swift; sourceTree = "<group>"; };
		33C49CC324C773B100B9C191 /* ChangeUserDataResult.swift */ = {isa = PBXFileReference; lastKnownFileType = sourcecode.swift; path = ChangeUserDataResult.swift; sourceTree = "<group>"; };
		33E6D6AA24CC2B8300120618 /* ResponseCodableTests.swift */ = {isa = PBXFileReference; lastKnownFileType = sourcecode.swift; path = ResponseCodableTests.swift; sourceTree = "<group>"; };
		33E6D6AC24CC3B2500120618 /* GoodDataRequestFactory.swift */ = {isa = PBXFileReference; lastKnownFileType = sourcecode.swift; path = GoodDataRequestFactory.swift; sourceTree = "<group>"; };
		33E6D6AE24CC3B9100120618 /* GetGoodByIdResult.swift */ = {isa = PBXFileReference; lastKnownFileType = sourcecode.swift; path = GetGoodByIdResult.swift; sourceTree = "<group>"; };
		33E6D6B024CC3D4300120618 /* GetGoodById.swift */ = {isa = PBXFileReference; lastKnownFileType = sourcecode.swift; path = GetGoodById.swift; sourceTree = "<group>"; };
		33E6D6B224CC403900120618 /* Good.swift */ = {isa = PBXFileReference; lastKnownFileType = sourcecode.swift; path = Good.swift; sourceTree = "<group>"; };
		33E6D6B424CC421500120618 /* CatalogDataRequestFactory.swift */ = {isa = PBXFileReference; lastKnownFileType = sourcecode.swift; path = CatalogDataRequestFactory.swift; sourceTree = "<group>"; };
		33E6D6B624CC424D00120618 /* CatalogData.swift */ = {isa = PBXFileReference; lastKnownFileType = sourcecode.swift; path = CatalogData.swift; sourceTree = "<group>"; };
		33E6D6B824CC432E00120618 /* CatalogDataResult.swift */ = {isa = PBXFileReference; lastKnownFileType = sourcecode.swift; path = CatalogDataResult.swift; sourceTree = "<group>"; };
		33F7928524D57B0E00295D83 /* ReviewDataRequestFactory.swift */ = {isa = PBXFileReference; lastKnownFileType = sourcecode.swift; path = ReviewDataRequestFactory.swift; sourceTree = "<group>"; };
		33F7928724D57BA100295D83 /* ReviewDataResult.swift */ = {isa = PBXFileReference; lastKnownFileType = sourcecode.swift; path = ReviewDataResult.swift; sourceTree = "<group>"; };
		33F7928924D57DC000295D83 /* Review.swift */ = {isa = PBXFileReference; lastKnownFileType = sourcecode.swift; path = Review.swift; sourceTree = "<group>"; };
		39B965C77C244637D03018EC /* Pods_MyShop.framework */ = {isa = PBXFileReference; explicitFileType = wrapper.framework; includeInIndex = 0; path = Pods_MyShop.framework; sourceTree = BUILT_PRODUCTS_DIR; };
		567B4BF9771A032C4EA891A7 /* Pods-MyShop-MyShopUITests.debug.xcconfig */ = {isa = PBXFileReference; includeInIndex = 1; lastKnownFileType = text.xcconfig; name = "Pods-MyShop-MyShopUITests.debug.xcconfig"; path = "Target Support Files/Pods-MyShop-MyShopUITests/Pods-MyShop-MyShopUITests.debug.xcconfig"; sourceTree = "<group>"; };
		71EA274FE1B5FFEF7FEA7F21 /* Pods-MyShop.debug.xcconfig */ = {isa = PBXFileReference; includeInIndex = 1; lastKnownFileType = text.xcconfig; name = "Pods-MyShop.debug.xcconfig"; path = "Target Support Files/Pods-MyShop/Pods-MyShop.debug.xcconfig"; sourceTree = "<group>"; };
		C781AE92B8C862BACB9F225A /* Pods-MyShop.release.xcconfig */ = {isa = PBXFileReference; includeInIndex = 1; lastKnownFileType = text.xcconfig; name = "Pods-MyShop.release.xcconfig"; path = "Target Support Files/Pods-MyShop/Pods-MyShop.release.xcconfig"; sourceTree = "<group>"; };
		D9AD9B4053EE3C6C2CE135F4 /* Pods_MyShopTests.framework */ = {isa = PBXFileReference; explicitFileType = wrapper.framework; includeInIndex = 0; path = Pods_MyShopTests.framework; sourceTree = BUILT_PRODUCTS_DIR; };
		DCD23CF5AABCFE4F8DD0A500 /* Pods-MyShopTests.release.xcconfig */ = {isa = PBXFileReference; includeInIndex = 1; lastKnownFileType = text.xcconfig; name = "Pods-MyShopTests.release.xcconfig"; path = "Target Support Files/Pods-MyShopTests/Pods-MyShopTests.release.xcconfig"; sourceTree = "<group>"; };
		E26A55DBC596E7C90D691DA1 /* Pods_MyShop_MyShopUITests.framework */ = {isa = PBXFileReference; explicitFileType = wrapper.framework; includeInIndex = 0; path = Pods_MyShop_MyShopUITests.framework; sourceTree = BUILT_PRODUCTS_DIR; };
		E2EDF39EF0A6F5E35582C483 /* Pods-MyShop-MyShopUITests.release.xcconfig */ = {isa = PBXFileReference; includeInIndex = 1; lastKnownFileType = text.xcconfig; name = "Pods-MyShop-MyShopUITests.release.xcconfig"; path = "Target Support Files/Pods-MyShop-MyShopUITests/Pods-MyShop-MyShopUITests.release.xcconfig"; sourceTree = "<group>"; };
/* End PBXFileReference section */

/* Begin PBXFrameworksBuildPhase section */
		33A1A45C24C224550083B650 /* Frameworks */ = {
			isa = PBXFrameworksBuildPhase;
			buildActionMask = 2147483647;
			files = (
				59B50081A8BEEFB4AE142A28 /* Pods_MyShop.framework in Frameworks */,
			);
			runOnlyForDeploymentPostprocessing = 0;
		};
		33A1A47224C224590083B650 /* Frameworks */ = {
			isa = PBXFrameworksBuildPhase;
			buildActionMask = 2147483647;
			files = (
				2BBD82CF85E28858447E152B /* Pods_MyShopTests.framework in Frameworks */,
			);
			runOnlyForDeploymentPostprocessing = 0;
		};
		33A1A47D24C224590083B650 /* Frameworks */ = {
			isa = PBXFrameworksBuildPhase;
			buildActionMask = 2147483647;
			files = (
				8887AE5602062B5940038C9B /* Pods_MyShop_MyShopUITests.framework in Frameworks */,
			);
			runOnlyForDeploymentPostprocessing = 0;
		};
/* End PBXFrameworksBuildPhase section */

/* Begin PBXGroup section */
		1B7196ECBDE7B0540151777F /* Frameworks */ = {
			isa = PBXGroup;
			children = (
				39B965C77C244637D03018EC /* Pods_MyShop.framework */,
				E26A55DBC596E7C90D691DA1 /* Pods_MyShop_MyShopUITests.framework */,
				D9AD9B4053EE3C6C2CE135F4 /* Pods_MyShopTests.framework */,
			);
			name = Frameworks;
			sourceTree = "<group>";
		};
		33051ED824DE81D500775BEB /* Login */ = {
			isa = PBXGroup;
			children = (
				33051ED924DE81EC00775BEB /* Controllers */,
			);
			path = Login;
			sourceTree = "<group>";
		};
		33051ED924DE81EC00775BEB /* Controllers */ = {
			isa = PBXGroup;
			children = (
				33051EDA24DE852400775BEB /* LoginViewController.swift */,
			);
			path = Controllers;
			sourceTree = "<group>";
		};
		33051EDC24DE86B400775BEB /* Singin */ = {
			isa = PBXGroup;
			children = (
				33051EDD24DE86BE00775BEB /* Controllers */,
			);
			path = Singin;
			sourceTree = "<group>";
		};
		33051EDD24DE86BE00775BEB /* Controllers */ = {
			isa = PBXGroup;
			children = (
				33051EDE24DE86D600775BEB /* SinginViewController.swift */,
			);
			path = Controllers;
			sourceTree = "<group>";
		};
		33051EE124DE87F500775BEB /* UserInfo */ = {
			isa = PBXGroup;
			children = (
				33051EE224DE881C00775BEB /* Controllers */,
			);
			path = UserInfo;
			sourceTree = "<group>";
		};
		33051EE224DE881C00775BEB /* Controllers */ = {
			isa = PBXGroup;
			children = (
				33051EE324DE883A00775BEB /* UserInfoViewController.swift */,
			);
			path = Controllers;
			sourceTree = "<group>";
		};
		33A1A45624C224550083B650 = {
			isa = PBXGroup;
			children = (
				33A1A46124C224550083B650 /* MyShop */,
				33A1A47824C224590083B650 /* MyShopTests */,
				33A1A48324C224590083B650 /* MyShopUITests */,
				33A1A46024C224550083B650 /* Products */,
				5ED395BC925E645E98D58111 /* Pods */,
				1B7196ECBDE7B0540151777F /* Frameworks */,
			);
			sourceTree = "<group>";
		};
		33A1A46024C224550083B650 /* Products */ = {
			isa = PBXGroup;
			children = (
				33A1A45F24C224550083B650 /* MyShop.app */,
				33A1A47524C224590083B650 /* MyShopTests.xctest */,
				33A1A48024C224590083B650 /* MyShopUITests.xctest */,
			);
			name = Products;
			sourceTree = "<group>";
		};
		33A1A46124C224550083B650 /* MyShop */ = {
			isa = PBXGroup;
			children = (
				33A1A49224C226AB0083B650 /* App */,
				33A1A49724C227E50083B650 /* Core */,
				33A1A49824C228060083B650 /* Resources */,
				33A1A49924C228320083B650 /* Environments */,
			);
			path = MyShop;
			sourceTree = "<group>";
		};
		33A1A47824C224590083B650 /* MyShopTests */ = {
			isa = PBXGroup;
			children = (
				33A1A47924C224590083B650 /* MyShopTests.swift */,
				33E6D6AA24CC2B8300120618 /* ResponseCodableTests.swift */,
				33A1A47B24C224590083B650 /* Info.plist */,
			);
			path = MyShopTests;
			sourceTree = "<group>";
		};
		33A1A48324C224590083B650 /* MyShopUITests */ = {
			isa = PBXGroup;
			children = (
				33A1A48424C224590083B650 /* MyShopUITests.swift */,
				33A1A48624C224590083B650 /* Info.plist */,
			);
			path = MyShopUITests;
			sourceTree = "<group>";
		};
		33A1A49224C226AB0083B650 /* App */ = {
			isa = PBXGroup;
			children = (
				33A1A46224C224550083B650 /* AppDelegate.swift */,
				33A1A46424C224550083B650 /* SceneDelegate.swift */,
				33A1A49324C226C40083B650 /* BusinessLogic */,
				33A1A49424C226DF0083B650 /* Entity */,
				33A1A49524C227080083B650 /* Assembly */,
				33A1A49624C227570083B650 /* Flows */,
			);
			path = App;
			sourceTree = "<group>";
		};
		33A1A49324C226C40083B650 /* BusinessLogic */ = {
			isa = PBXGroup;
			children = (
				33C49CA324C759D800B9C191 /* Network */,
			);
			path = BusinessLogic;
			sourceTree = "<group>";
		};
		33A1A49424C226DF0083B650 /* Entity */ = {
			isa = PBXGroup;
			children = (
				33C49C9F24C7597F00B9C191 /* LoginResult.swift */,
				33E6D6B224CC403900120618 /* Good.swift */,
				33C49CC324C773B100B9C191 /* ChangeUserDataResult.swift */,
				33C49CBD24C771F200B9C191 /* LogoutResult.swift */,
				33C49CB724C76DF300B9C191 /* RegisterUserResult.swift */,
				33C49CA124C7599A00B9C191 /* User.swift */,
				33E6D6AE24CC3B9100120618 /* GetGoodByIdResult.swift */,
				33E6D6B824CC432E00120618 /* CatalogDataResult.swift */,
				33F7928724D57BA100295D83 /* ReviewDataResult.swift */,
				3324E90524DB0E8C007F6D95 /* BasketDataResult.swift */,
			);
			path = Entity;
			sourceTree = "<group>";
		};
		33A1A49524C227080083B650 /* Assembly */ = {
			isa = PBXGroup;
			children = (
			);
			path = Assembly;
			sourceTree = "<group>";
		};
		33A1A49624C227570083B650 /* Flows */ = {
			isa = PBXGroup;
			children = (
				33051EE124DE87F500775BEB /* UserInfo */,
				33051EDC24DE86B400775BEB /* Singin */,
				33051ED824DE81D500775BEB /* Login */,
				33051ED524DE7FA400775BEB /* Auth.storyboard */,
			);
			path = Flows;
			sourceTree = "<group>";
		};
		33A1A49724C227E50083B650 /* Core */ = {
			isa = PBXGroup;
			children = (
				33C49CB224C7617200B9C191 /* Network */,
			);
			path = Core;
			sourceTree = "<group>";
		};
		33A1A49824C228060083B650 /* Resources */ = {
			isa = PBXGroup;
			children = (
				33A1A46D24C224590083B650 /* LaunchScreen.storyboard */,
				33A1A46B24C224590083B650 /* Assets.xcassets */,
			);
			path = Resources;
			sourceTree = "<group>";
		};
		33A1A49924C228320083B650 /* Environments */ = {
			isa = PBXGroup;
			children = (
				33A1A47024C224590083B650 /* Info.plist */,
			);
			path = Environments;
			sourceTree = "<group>";
		};
		33C49CA324C759D800B9C191 /* Network */ = {
			isa = PBXGroup;
			children = (
				33C49CA424C759F900B9C191 /* AuthRequestFactory.swift */,
				33C49CA624C75D7700B9C191 /* Auth.swift */,
				33C49CB324C76C2700B9C191 /* RegisterUserRequestFactory.swift */,
				33C49CB524C76CD600B9C191 /* RegisterUser.swift */,
				33C49CB924C7701F00B9C191 /* LogoutRequestFactory.swift */,
				33C49CBB24C7702E00B9C191 /* Logout.swift */,
				33C49CBF24C7738800B9C191 /* ChangeUserDataRequestFactory.swift */,
				33C49CC124C7739F00B9C191 /* ChangeUserData.swift */,
				33E6D6AC24CC3B2500120618 /* GoodDataRequestFactory.swift */,
				33E6D6B024CC3D4300120618 /* GetGoodById.swift */,
				33E6D6B424CC421500120618 /* CatalogDataRequestFactory.swift */,
				33E6D6B624CC424D00120618 /* CatalogData.swift */,
				33F7928524D57B0E00295D83 /* ReviewDataRequestFactory.swift */,
				33F7928924D57DC000295D83 /* Review.swift */,
				3324E90124DB0DFC007F6D95 /* BasketDataRequestFactory.swift */,
				3324E90324DB0E1E007F6D95 /* Basket.swift */,
			);
			path = Network;
			sourceTree = "<group>";
		};
		33C49CB224C7617200B9C191 /* Network */ = {
			isa = PBXGroup;
			children = (
				33C49CAA24C75EB500B9C191 /* AbstractErrorParser.swift */,
				33C49CAC24C75F0500B9C191 /* ErrorParser.swift */,
				33C49CAE24C75F4D00B9C191 /* DataRequest.swift */,
				33C49CB024C760C100B9C191 /* RequestRouter.swift */,
				33C49CA824C75DD200B9C191 /* RequestFactory.swift */,
			);
			path = Network;
			sourceTree = "<group>";
		};
		5ED395BC925E645E98D58111 /* Pods */ = {
			isa = PBXGroup;
			children = (
				71EA274FE1B5FFEF7FEA7F21 /* Pods-MyShop.debug.xcconfig */,
				C781AE92B8C862BACB9F225A /* Pods-MyShop.release.xcconfig */,
				567B4BF9771A032C4EA891A7 /* Pods-MyShop-MyShopUITests.debug.xcconfig */,
				E2EDF39EF0A6F5E35582C483 /* Pods-MyShop-MyShopUITests.release.xcconfig */,
				00BBCC70FD973A8A3CDF6BF8 /* Pods-MyShopTests.debug.xcconfig */,
				DCD23CF5AABCFE4F8DD0A500 /* Pods-MyShopTests.release.xcconfig */,
			);
			path = Pods;
			sourceTree = "<group>";
		};
/* End PBXGroup section */

/* Begin PBXNativeTarget section */
		33A1A45E24C224550083B650 /* MyShop */ = {
			isa = PBXNativeTarget;
			buildConfigurationList = 33A1A48924C224590083B650 /* Build configuration list for PBXNativeTarget "MyShop" */;
			buildPhases = (
				A793C092907FD7E76B4E5E6C /* [CP] Check Pods Manifest.lock */,
				33A1A45B24C224550083B650 /* Sources */,
				33A1A45C24C224550083B650 /* Frameworks */,
				33A1A45D24C224550083B650 /* Resources */,
				1CD97E4B5834DC870C41B55D /* [CP] Embed Pods Frameworks */,
			);
			buildRules = (
			);
			dependencies = (
			);
			name = MyShop;
			productName = MyShop;
			productReference = 33A1A45F24C224550083B650 /* MyShop.app */;
			productType = "com.apple.product-type.application";
		};
		33A1A47424C224590083B650 /* MyShopTests */ = {
			isa = PBXNativeTarget;
			buildConfigurationList = 33A1A48C24C224590083B650 /* Build configuration list for PBXNativeTarget "MyShopTests" */;
			buildPhases = (
				3B5FD0846A752745CDB27759 /* [CP] Check Pods Manifest.lock */,
				33A1A47124C224590083B650 /* Sources */,
				33A1A47224C224590083B650 /* Frameworks */,
				33A1A47324C224590083B650 /* Resources */,
			);
			buildRules = (
			);
			dependencies = (
				33A1A47724C224590083B650 /* PBXTargetDependency */,
			);
			name = MyShopTests;
			productName = MyShopTests;
			productReference = 33A1A47524C224590083B650 /* MyShopTests.xctest */;
			productType = "com.apple.product-type.bundle.unit-test";
		};
		33A1A47F24C224590083B650 /* MyShopUITests */ = {
			isa = PBXNativeTarget;
			buildConfigurationList = 33A1A48F24C224590083B650 /* Build configuration list for PBXNativeTarget "MyShopUITests" */;
			buildPhases = (
				4FD9D99D649286F57272CE97 /* [CP] Check Pods Manifest.lock */,
				33A1A47C24C224590083B650 /* Sources */,
				33A1A47D24C224590083B650 /* Frameworks */,
				33A1A47E24C224590083B650 /* Resources */,
				139FF9F42D150E5C53D5F42A /* [CP] Embed Pods Frameworks */,
			);
			buildRules = (
			);
			dependencies = (
				33A1A48224C224590083B650 /* PBXTargetDependency */,
			);
			name = MyShopUITests;
			productName = MyShopUITests;
			productReference = 33A1A48024C224590083B650 /* MyShopUITests.xctest */;
			productType = "com.apple.product-type.bundle.ui-testing";
		};
/* End PBXNativeTarget section */

/* Begin PBXProject section */
		33A1A45724C224550083B650 /* Project object */ = {
			isa = PBXProject;
			attributes = {
				LastSwiftUpdateCheck = 1160;
				LastUpgradeCheck = 1160;
				ORGANIZATIONNAME = "Андрей Закусов";
				TargetAttributes = {
					33A1A45E24C224550083B650 = {
						CreatedOnToolsVersion = 11.6;
					};
					33A1A47424C224590083B650 = {
						CreatedOnToolsVersion = 11.6;
						TestTargetID = 33A1A45E24C224550083B650;
					};
					33A1A47F24C224590083B650 = {
						CreatedOnToolsVersion = 11.6;
						TestTargetID = 33A1A45E24C224550083B650;
					};
				};
			};
			buildConfigurationList = 33A1A45A24C224550083B650 /* Build configuration list for PBXProject "MyShop" */;
			compatibilityVersion = "Xcode 9.3";
			developmentRegion = en;
			hasScannedForEncodings = 0;
			knownRegions = (
				en,
				Base,
			);
			mainGroup = 33A1A45624C224550083B650;
			productRefGroup = 33A1A46024C224550083B650 /* Products */;
			projectDirPath = "";
			projectRoot = "";
			targets = (
				33A1A45E24C224550083B650 /* MyShop */,
				33A1A47424C224590083B650 /* MyShopTests */,
				33A1A47F24C224590083B650 /* MyShopUITests */,
			);
		};
/* End PBXProject section */

/* Begin PBXResourcesBuildPhase section */
		33A1A45D24C224550083B650 /* Resources */ = {
			isa = PBXResourcesBuildPhase;
			buildActionMask = 2147483647;
			files = (
				33051ED624DE7FA400775BEB /* Auth.storyboard in Resources */,
				33A1A46F24C224590083B650 /* LaunchScreen.storyboard in Resources */,
				33A1A46C24C224590083B650 /* Assets.xcassets in Resources */,
			);
			runOnlyForDeploymentPostprocessing = 0;
		};
		33A1A47324C224590083B650 /* Resources */ = {
			isa = PBXResourcesBuildPhase;
			buildActionMask = 2147483647;
			files = (
			);
			runOnlyForDeploymentPostprocessing = 0;
		};
		33A1A47E24C224590083B650 /* Resources */ = {
			isa = PBXResourcesBuildPhase;
			buildActionMask = 2147483647;
			files = (
			);
			runOnlyForDeploymentPostprocessing = 0;
		};
/* End PBXResourcesBuildPhase section */

/* Begin PBXShellScriptBuildPhase section */
		139FF9F42D150E5C53D5F42A /* [CP] Embed Pods Frameworks */ = {
			isa = PBXShellScriptBuildPhase;
			buildActionMask = 2147483647;
			files = (
			);
			inputFileListPaths = (
				"${PODS_ROOT}/Target Support Files/Pods-MyShop-MyShopUITests/Pods-MyShop-MyShopUITests-frameworks-${CONFIGURATION}-input-files.xcfilelist",
			);
			name = "[CP] Embed Pods Frameworks";
			outputFileListPaths = (
				"${PODS_ROOT}/Target Support Files/Pods-MyShop-MyShopUITests/Pods-MyShop-MyShopUITests-frameworks-${CONFIGURATION}-output-files.xcfilelist",
			);
			runOnlyForDeploymentPostprocessing = 0;
			shellPath = /bin/sh;
			shellScript = "\"${PODS_ROOT}/Target Support Files/Pods-MyShop-MyShopUITests/Pods-MyShop-MyShopUITests-frameworks.sh\"\n";
			showEnvVarsInLog = 0;
		};
		1CD97E4B5834DC870C41B55D /* [CP] Embed Pods Frameworks */ = {
			isa = PBXShellScriptBuildPhase;
			buildActionMask = 2147483647;
			files = (
			);
			inputFileListPaths = (
				"${PODS_ROOT}/Target Support Files/Pods-MyShop/Pods-MyShop-frameworks-${CONFIGURATION}-input-files.xcfilelist",
			);
			name = "[CP] Embed Pods Frameworks";
			outputFileListPaths = (
				"${PODS_ROOT}/Target Support Files/Pods-MyShop/Pods-MyShop-frameworks-${CONFIGURATION}-output-files.xcfilelist",
			);
			runOnlyForDeploymentPostprocessing = 0;
			shellPath = /bin/sh;
			shellScript = "\"${PODS_ROOT}/Target Support Files/Pods-MyShop/Pods-MyShop-frameworks.sh\"\n";
			showEnvVarsInLog = 0;
		};
		3B5FD0846A752745CDB27759 /* [CP] Check Pods Manifest.lock */ = {
			isa = PBXShellScriptBuildPhase;
			buildActionMask = 2147483647;
			files = (
			);
			inputFileListPaths = (
			);
			inputPaths = (
				"${PODS_PODFILE_DIR_PATH}/Podfile.lock",
				"${PODS_ROOT}/Manifest.lock",
			);
			name = "[CP] Check Pods Manifest.lock";
			outputFileListPaths = (
			);
			outputPaths = (
				"$(DERIVED_FILE_DIR)/Pods-MyShopTests-checkManifestLockResult.txt",
			);
			runOnlyForDeploymentPostprocessing = 0;
			shellPath = /bin/sh;
			shellScript = "diff \"${PODS_PODFILE_DIR_PATH}/Podfile.lock\" \"${PODS_ROOT}/Manifest.lock\" > /dev/null\nif [ $? != 0 ] ; then\n    # print error to STDERR\n    echo \"error: The sandbox is not in sync with the Podfile.lock. Run 'pod install' or update your CocoaPods installation.\" >&2\n    exit 1\nfi\n# This output is used by Xcode 'outputs' to avoid re-running this script phase.\necho \"SUCCESS\" > \"${SCRIPT_OUTPUT_FILE_0}\"\n";
			showEnvVarsInLog = 0;
		};
		4FD9D99D649286F57272CE97 /* [CP] Check Pods Manifest.lock */ = {
			isa = PBXShellScriptBuildPhase;
			buildActionMask = 2147483647;
			files = (
			);
			inputFileListPaths = (
			);
			inputPaths = (
				"${PODS_PODFILE_DIR_PATH}/Podfile.lock",
				"${PODS_ROOT}/Manifest.lock",
			);
			name = "[CP] Check Pods Manifest.lock";
			outputFileListPaths = (
			);
			outputPaths = (
				"$(DERIVED_FILE_DIR)/Pods-MyShop-MyShopUITests-checkManifestLockResult.txt",
			);
			runOnlyForDeploymentPostprocessing = 0;
			shellPath = /bin/sh;
			shellScript = "diff \"${PODS_PODFILE_DIR_PATH}/Podfile.lock\" \"${PODS_ROOT}/Manifest.lock\" > /dev/null\nif [ $? != 0 ] ; then\n    # print error to STDERR\n    echo \"error: The sandbox is not in sync with the Podfile.lock. Run 'pod install' or update your CocoaPods installation.\" >&2\n    exit 1\nfi\n# This output is used by Xcode 'outputs' to avoid re-running this script phase.\necho \"SUCCESS\" > \"${SCRIPT_OUTPUT_FILE_0}\"\n";
			showEnvVarsInLog = 0;
		};
		A793C092907FD7E76B4E5E6C /* [CP] Check Pods Manifest.lock */ = {
			isa = PBXShellScriptBuildPhase;
			buildActionMask = 2147483647;
			files = (
			);
			inputFileListPaths = (
			);
			inputPaths = (
				"${PODS_PODFILE_DIR_PATH}/Podfile.lock",
				"${PODS_ROOT}/Manifest.lock",
			);
			name = "[CP] Check Pods Manifest.lock";
			outputFileListPaths = (
			);
			outputPaths = (
				"$(DERIVED_FILE_DIR)/Pods-MyShop-checkManifestLockResult.txt",
			);
			runOnlyForDeploymentPostprocessing = 0;
			shellPath = /bin/sh;
			shellScript = "diff \"${PODS_PODFILE_DIR_PATH}/Podfile.lock\" \"${PODS_ROOT}/Manifest.lock\" > /dev/null\nif [ $? != 0 ] ; then\n    # print error to STDERR\n    echo \"error: The sandbox is not in sync with the Podfile.lock. Run 'pod install' or update your CocoaPods installation.\" >&2\n    exit 1\nfi\n# This output is used by Xcode 'outputs' to avoid re-running this script phase.\necho \"SUCCESS\" > \"${SCRIPT_OUTPUT_FILE_0}\"\n";
			showEnvVarsInLog = 0;
		};
/* End PBXShellScriptBuildPhase section */

/* Begin PBXSourcesBuildPhase section */
		33A1A45B24C224550083B650 /* Sources */ = {
			isa = PBXSourcesBuildPhase;
			buildActionMask = 2147483647;
			files = (
				33F7928824D57BA100295D83 /* ReviewDataResult.swift in Sources */,
				3324E90424DB0E1E007F6D95 /* Basket.swift in Sources */,
				33C49CC224C7739F00B9C191 /* ChangeUserData.swift in Sources */,
				33C49CA224C7599A00B9C191 /* User.swift in Sources */,
				33C49CBC24C7702F00B9C191 /* Logout.swift in Sources */,
				33C49CAF24C75F4D00B9C191 /* DataRequest.swift in Sources */,
				33F7928A24D57DC000295D83 /* Review.swift in Sources */,
				33C49CA024C7597F00B9C191 /* LoginResult.swift in Sources */,
				33C49CA524C759F900B9C191 /* AuthRequestFactory.swift in Sources */,
				33E6D6B324CC403900120618 /* Good.swift in Sources */,
				33E6D6B524CC421500120618 /* CatalogDataRequestFactory.swift in Sources */,
				33C49CB424C76C2700B9C191 /* RegisterUserRequestFactory.swift in Sources */,
				33C49CC424C773B100B9C191 /* ChangeUserDataResult.swift in Sources */,
				33051EE424DE883A00775BEB /* UserInfoViewController.swift in Sources */,
				33C49CA924C75DD200B9C191 /* RequestFactory.swift in Sources */,
				33051EDF24DE86D600775BEB /* SinginViewController.swift in Sources */,
				33C49CB824C76DF300B9C191 /* RegisterUserResult.swift in Sources */,
				33C49CAD24C75F0500B9C191 /* ErrorParser.swift in Sources */,
				33C49CBE24C771F200B9C191 /* LogoutResult.swift in Sources */,
				33C49CB124C760C100B9C191 /* RequestRouter.swift in Sources */,
				33A1A46324C224550083B650 /* AppDelegate.swift in Sources */,
				33C49CB624C76CD600B9C191 /* RegisterUser.swift in Sources */,
				33C49CC024C7738800B9C191 /* ChangeUserDataRequestFactory.swift in Sources */,
				33F7928624D57B0E00295D83 /* ReviewDataRequestFactory.swift in Sources */,
				33E6D6B924CC432E00120618 /* CatalogDataResult.swift in Sources */,
				33E6D6AF24CC3B9100120618 /* GetGoodByIdResult.swift in Sources */,
				33A1A46524C224550083B650 /* SceneDelegate.swift in Sources */,
				3324E90624DB0E8C007F6D95 /* BasketDataResult.swift in Sources */,
				33C49CBA24C7701F00B9C191 /* LogoutRequestFactory.swift in Sources */,
				33E6D6B724CC424D00120618 /* CatalogData.swift in Sources */,
				33E6D6B124CC3D4300120618 /* GetGoodById.swift in Sources */,
				33C49CA724C75D7700B9C191 /* Auth.swift in Sources */,
				33051EDB24DE852400775BEB /* LoginViewController.swift in Sources */,
				33C49CAB24C75EB500B9C191 /* AbstractErrorParser.swift in Sources */,
				3324E90224DB0DFC007F6D95 /* BasketDataRequestFactory.swift in Sources */,
				33E6D6AD24CC3B2500120618 /* GoodDataRequestFactory.swift in Sources */,
			);
			runOnlyForDeploymentPostprocessing = 0;
		};
		33A1A47124C224590083B650 /* Sources */ = {
			isa = PBXSourcesBuildPhase;
			buildActionMask = 2147483647;
			files = (
				33A1A47A24C224590083B650 /* MyShopTests.swift in Sources */,
				33E6D6AB24CC2B8300120618 /* ResponseCodableTests.swift in Sources */,
			);
			runOnlyForDeploymentPostprocessing = 0;
		};
		33A1A47C24C224590083B650 /* Sources */ = {
			isa = PBXSourcesBuildPhase;
			buildActionMask = 2147483647;
			files = (
				33A1A48524C224590083B650 /* MyShopUITests.swift in Sources */,
			);
			runOnlyForDeploymentPostprocessing = 0;
		};
/* End PBXSourcesBuildPhase section */

/* Begin PBXTargetDependency section */
		33A1A47724C224590083B650 /* PBXTargetDependency */ = {
			isa = PBXTargetDependency;
			target = 33A1A45E24C224550083B650 /* MyShop */;
			targetProxy = 33A1A47624C224590083B650 /* PBXContainerItemProxy */;
		};
		33A1A48224C224590083B650 /* PBXTargetDependency */ = {
			isa = PBXTargetDependency;
			target = 33A1A45E24C224550083B650 /* MyShop */;
			targetProxy = 33A1A48124C224590083B650 /* PBXContainerItemProxy */;
		};
/* End PBXTargetDependency section */

/* Begin PBXVariantGroup section */
		33A1A46D24C224590083B650 /* LaunchScreen.storyboard */ = {
			isa = PBXVariantGroup;
			children = (
				33A1A46E24C224590083B650 /* Base */,
			);
			name = LaunchScreen.storyboard;
			sourceTree = "<group>";
		};
/* End PBXVariantGroup section */

/* Begin XCBuildConfiguration section */
		33A1A48724C224590083B650 /* Debug */ = {
			isa = XCBuildConfiguration;
			buildSettings = {
				ALWAYS_SEARCH_USER_PATHS = NO;
				CLANG_ANALYZER_NONNULL = YES;
				CLANG_ANALYZER_NUMBER_OBJECT_CONVERSION = YES_AGGRESSIVE;
				CLANG_CXX_LANGUAGE_STANDARD = "gnu++14";
				CLANG_CXX_LIBRARY = "libc++";
				CLANG_ENABLE_MODULES = YES;
				CLANG_ENABLE_OBJC_ARC = YES;
				CLANG_ENABLE_OBJC_WEAK = YES;
				CLANG_WARN_BLOCK_CAPTURE_AUTORELEASING = YES;
				CLANG_WARN_BOOL_CONVERSION = YES;
				CLANG_WARN_COMMA = YES;
				CLANG_WARN_CONSTANT_CONVERSION = YES;
				CLANG_WARN_DEPRECATED_OBJC_IMPLEMENTATIONS = YES;
				CLANG_WARN_DIRECT_OBJC_ISA_USAGE = YES_ERROR;
				CLANG_WARN_DOCUMENTATION_COMMENTS = YES;
				CLANG_WARN_EMPTY_BODY = YES;
				CLANG_WARN_ENUM_CONVERSION = YES;
				CLANG_WARN_INFINITE_RECURSION = YES;
				CLANG_WARN_INT_CONVERSION = YES;
				CLANG_WARN_NON_LITERAL_NULL_CONVERSION = YES;
				CLANG_WARN_OBJC_IMPLICIT_RETAIN_SELF = YES;
				CLANG_WARN_OBJC_LITERAL_CONVERSION = YES;
				CLANG_WARN_OBJC_ROOT_CLASS = YES_ERROR;
				CLANG_WARN_RANGE_LOOP_ANALYSIS = YES;
				CLANG_WARN_STRICT_PROTOTYPES = YES;
				CLANG_WARN_SUSPICIOUS_MOVE = YES;
				CLANG_WARN_UNGUARDED_AVAILABILITY = YES_AGGRESSIVE;
				CLANG_WARN_UNREACHABLE_CODE = YES;
				CLANG_WARN__DUPLICATE_METHOD_MATCH = YES;
				COPY_PHASE_STRIP = NO;
				DEBUG_INFORMATION_FORMAT = dwarf;
				ENABLE_STRICT_OBJC_MSGSEND = YES;
				ENABLE_TESTABILITY = YES;
				GCC_C_LANGUAGE_STANDARD = gnu11;
				GCC_DYNAMIC_NO_PIC = NO;
				GCC_NO_COMMON_BLOCKS = YES;
				GCC_OPTIMIZATION_LEVEL = 0;
				GCC_PREPROCESSOR_DEFINITIONS = (
					"DEBUG=1",
					"$(inherited)",
				);
				GCC_WARN_64_TO_32_BIT_CONVERSION = YES;
				GCC_WARN_ABOUT_RETURN_TYPE = YES_ERROR;
				GCC_WARN_UNDECLARED_SELECTOR = YES;
				GCC_WARN_UNINITIALIZED_AUTOS = YES_AGGRESSIVE;
				GCC_WARN_UNUSED_FUNCTION = YES;
				GCC_WARN_UNUSED_VARIABLE = YES;
				IPHONEOS_DEPLOYMENT_TARGET = 13.6;
				MTL_ENABLE_DEBUG_INFO = INCLUDE_SOURCE;
				MTL_FAST_MATH = YES;
				ONLY_ACTIVE_ARCH = YES;
				SDKROOT = iphoneos;
				SWIFT_ACTIVE_COMPILATION_CONDITIONS = DEBUG;
				SWIFT_OPTIMIZATION_LEVEL = "-Onone";
			};
			name = Debug;
		};
		33A1A48824C224590083B650 /* Release */ = {
			isa = XCBuildConfiguration;
			buildSettings = {
				ALWAYS_SEARCH_USER_PATHS = NO;
				CLANG_ANALYZER_NONNULL = YES;
				CLANG_ANALYZER_NUMBER_OBJECT_CONVERSION = YES_AGGRESSIVE;
				CLANG_CXX_LANGUAGE_STANDARD = "gnu++14";
				CLANG_CXX_LIBRARY = "libc++";
				CLANG_ENABLE_MODULES = YES;
				CLANG_ENABLE_OBJC_ARC = YES;
				CLANG_ENABLE_OBJC_WEAK = YES;
				CLANG_WARN_BLOCK_CAPTURE_AUTORELEASING = YES;
				CLANG_WARN_BOOL_CONVERSION = YES;
				CLANG_WARN_COMMA = YES;
				CLANG_WARN_CONSTANT_CONVERSION = YES;
				CLANG_WARN_DEPRECATED_OBJC_IMPLEMENTATIONS = YES;
				CLANG_WARN_DIRECT_OBJC_ISA_USAGE = YES_ERROR;
				CLANG_WARN_DOCUMENTATION_COMMENTS = YES;
				CLANG_WARN_EMPTY_BODY = YES;
				CLANG_WARN_ENUM_CONVERSION = YES;
				CLANG_WARN_INFINITE_RECURSION = YES;
				CLANG_WARN_INT_CONVERSION = YES;
				CLANG_WARN_NON_LITERAL_NULL_CONVERSION = YES;
				CLANG_WARN_OBJC_IMPLICIT_RETAIN_SELF = YES;
				CLANG_WARN_OBJC_LITERAL_CONVERSION = YES;
				CLANG_WARN_OBJC_ROOT_CLASS = YES_ERROR;
				CLANG_WARN_RANGE_LOOP_ANALYSIS = YES;
				CLANG_WARN_STRICT_PROTOTYPES = YES;
				CLANG_WARN_SUSPICIOUS_MOVE = YES;
				CLANG_WARN_UNGUARDED_AVAILABILITY = YES_AGGRESSIVE;
				CLANG_WARN_UNREACHABLE_CODE = YES;
				CLANG_WARN__DUPLICATE_METHOD_MATCH = YES;
				COPY_PHASE_STRIP = NO;
				DEBUG_INFORMATION_FORMAT = "dwarf-with-dsym";
				ENABLE_NS_ASSERTIONS = NO;
				ENABLE_STRICT_OBJC_MSGSEND = YES;
				GCC_C_LANGUAGE_STANDARD = gnu11;
				GCC_NO_COMMON_BLOCKS = YES;
				GCC_WARN_64_TO_32_BIT_CONVERSION = YES;
				GCC_WARN_ABOUT_RETURN_TYPE = YES_ERROR;
				GCC_WARN_UNDECLARED_SELECTOR = YES;
				GCC_WARN_UNINITIALIZED_AUTOS = YES_AGGRESSIVE;
				GCC_WARN_UNUSED_FUNCTION = YES;
				GCC_WARN_UNUSED_VARIABLE = YES;
				IPHONEOS_DEPLOYMENT_TARGET = 13.6;
				MTL_ENABLE_DEBUG_INFO = NO;
				MTL_FAST_MATH = YES;
				SDKROOT = iphoneos;
				SWIFT_COMPILATION_MODE = wholemodule;
				SWIFT_OPTIMIZATION_LEVEL = "-O";
				VALIDATE_PRODUCT = YES;
			};
			name = Release;
		};
		33A1A48A24C224590083B650 /* Debug */ = {
			isa = XCBuildConfiguration;
			baseConfigurationReference = 71EA274FE1B5FFEF7FEA7F21 /* Pods-MyShop.debug.xcconfig */;
			buildSettings = {
				ASSETCATALOG_COMPILER_APPICON_NAME = AppIcon;
				CODE_SIGN_STYLE = Automatic;
				INFOPLIST_FILE = MyShop/Environments/Info.plist;
				LD_RUNPATH_SEARCH_PATHS = (
					"$(inherited)",
					"@executable_path/Frameworks",
				);
				PRODUCT_BUNDLE_IDENTIFIER = kio.inc.MyShop;
				PRODUCT_NAME = "$(TARGET_NAME)";
				SWIFT_VERSION = 5.0;
				TARGETED_DEVICE_FAMILY = "1,2";
			};
			name = Debug;
		};
		33A1A48B24C224590083B650 /* Release */ = {
			isa = XCBuildConfiguration;
			baseConfigurationReference = C781AE92B8C862BACB9F225A /* Pods-MyShop.release.xcconfig */;
			buildSettings = {
				ASSETCATALOG_COMPILER_APPICON_NAME = AppIcon;
				CODE_SIGN_STYLE = Automatic;
				INFOPLIST_FILE = MyShop/Environments/Info.plist;
				LD_RUNPATH_SEARCH_PATHS = (
					"$(inherited)",
					"@executable_path/Frameworks",
				);
				PRODUCT_BUNDLE_IDENTIFIER = kio.inc.MyShop;
				PRODUCT_NAME = "$(TARGET_NAME)";
				SWIFT_VERSION = 5.0;
				TARGETED_DEVICE_FAMILY = "1,2";
			};
			name = Release;
		};
		33A1A48D24C224590083B650 /* Debug */ = {
			isa = XCBuildConfiguration;
			baseConfigurationReference = 00BBCC70FD973A8A3CDF6BF8 /* Pods-MyShopTests.debug.xcconfig */;
			buildSettings = {
				ALWAYS_EMBED_SWIFT_STANDARD_LIBRARIES = YES;
				BUNDLE_LOADER = "$(TEST_HOST)";
				CODE_SIGN_STYLE = Automatic;
				INFOPLIST_FILE = MyShopTests/Info.plist;
				IPHONEOS_DEPLOYMENT_TARGET = 13.6;
				LD_RUNPATH_SEARCH_PATHS = (
					"$(inherited)",
					"@executable_path/Frameworks",
					"@loader_path/Frameworks",
				);
				PRODUCT_BUNDLE_IDENTIFIER = kio.inc.MyShopTests;
				PRODUCT_NAME = "$(TARGET_NAME)";
				SWIFT_VERSION = 5.0;
				TARGETED_DEVICE_FAMILY = "1,2";
				TEST_HOST = "$(BUILT_PRODUCTS_DIR)/MyShop.app/MyShop";
			};
			name = Debug;
		};
		33A1A48E24C224590083B650 /* Release */ = {
			isa = XCBuildConfiguration;
			baseConfigurationReference = DCD23CF5AABCFE4F8DD0A500 /* Pods-MyShopTests.release.xcconfig */;
			buildSettings = {
				ALWAYS_EMBED_SWIFT_STANDARD_LIBRARIES = YES;
				BUNDLE_LOADER = "$(TEST_HOST)";
				CODE_SIGN_STYLE = Automatic;
				INFOPLIST_FILE = MyShopTests/Info.plist;
				IPHONEOS_DEPLOYMENT_TARGET = 13.6;
				LD_RUNPATH_SEARCH_PATHS = (
					"$(inherited)",
					"@executable_path/Frameworks",
					"@loader_path/Frameworks",
				);
				PRODUCT_BUNDLE_IDENTIFIER = kio.inc.MyShopTests;
				PRODUCT_NAME = "$(TARGET_NAME)";
				SWIFT_VERSION = 5.0;
				TARGETED_DEVICE_FAMILY = "1,2";
				TEST_HOST = "$(BUILT_PRODUCTS_DIR)/MyShop.app/MyShop";
			};
			name = Release;
		};
		33A1A49024C224590083B650 /* Debug */ = {
			isa = XCBuildConfiguration;
			baseConfigurationReference = 567B4BF9771A032C4EA891A7 /* Pods-MyShop-MyShopUITests.debug.xcconfig */;
			buildSettings = {
				ALWAYS_EMBED_SWIFT_STANDARD_LIBRARIES = YES;
				CODE_SIGN_STYLE = Automatic;
				INFOPLIST_FILE = MyShopUITests/Info.plist;
				LD_RUNPATH_SEARCH_PATHS = (
					"$(inherited)",
					"@executable_path/Frameworks",
					"@loader_path/Frameworks",
				);
				PRODUCT_BUNDLE_IDENTIFIER = kio.inc.MyShopUITests;
				PRODUCT_NAME = "$(TARGET_NAME)";
				SWIFT_VERSION = 5.0;
				TARGETED_DEVICE_FAMILY = "1,2";
				TEST_TARGET_NAME = MyShop;
			};
			name = Debug;
		};
		33A1A49124C224590083B650 /* Release */ = {
			isa = XCBuildConfiguration;
			baseConfigurationReference = E2EDF39EF0A6F5E35582C483 /* Pods-MyShop-MyShopUITests.release.xcconfig */;
			buildSettings = {
				ALWAYS_EMBED_SWIFT_STANDARD_LIBRARIES = YES;
				CODE_SIGN_STYLE = Automatic;
				INFOPLIST_FILE = MyShopUITests/Info.plist;
				LD_RUNPATH_SEARCH_PATHS = (
					"$(inherited)",
					"@executable_path/Frameworks",
					"@loader_path/Frameworks",
				);
				PRODUCT_BUNDLE_IDENTIFIER = kio.inc.MyShopUITests;
				PRODUCT_NAME = "$(TARGET_NAME)";
				SWIFT_VERSION = 5.0;
				TARGETED_DEVICE_FAMILY = "1,2";
				TEST_TARGET_NAME = MyShop;
			};
			name = Release;
		};
/* End XCBuildConfiguration section */

/* Begin XCConfigurationList section */
		33A1A45A24C224550083B650 /* Build configuration list for PBXProject "MyShop" */ = {
			isa = XCConfigurationList;
			buildConfigurations = (
				33A1A48724C224590083B650 /* Debug */,
				33A1A48824C224590083B650 /* Release */,
			);
			defaultConfigurationIsVisible = 0;
			defaultConfigurationName = Release;
		};
		33A1A48924C224590083B650 /* Build configuration list for PBXNativeTarget "MyShop" */ = {
			isa = XCConfigurationList;
			buildConfigurations = (
				33A1A48A24C224590083B650 /* Debug */,
				33A1A48B24C224590083B650 /* Release */,
			);
			defaultConfigurationIsVisible = 0;
			defaultConfigurationName = Release;
		};
		33A1A48C24C224590083B650 /* Build configuration list for PBXNativeTarget "MyShopTests" */ = {
			isa = XCConfigurationList;
			buildConfigurations = (
				33A1A48D24C224590083B650 /* Debug */,
				33A1A48E24C224590083B650 /* Release */,
			);
			defaultConfigurationIsVisible = 0;
			defaultConfigurationName = Release;
		};
		33A1A48F24C224590083B650 /* Build configuration list for PBXNativeTarget "MyShopUITests" */ = {
			isa = XCConfigurationList;
			buildConfigurations = (
				33A1A49024C224590083B650 /* Debug */,
				33A1A49124C224590083B650 /* Release */,
			);
			defaultConfigurationIsVisible = 0;
			defaultConfigurationName = Release;
		};
/* End XCConfigurationList section */
	};
	rootObject = 33A1A45724C224550083B650 /* Project object */;
}
